
Microsoft Visual Studio Solution File, Format Version 12.00
# Visual Studio 14
VisualStudioVersion = 14.0.23107.0
MinimumVisualStudioVersion = 10.0.40219.1
Project("{FAE04EC0-301F-11D3-BF4B-00C04F79EFBC}") = "Task2-8", "Task2-8\Task2-8.csproj", "{91EF862A-54FA-4B1C-97C0-929CA0CA261B}"
EndProject
Global
	GlobalSection(SolutionConfigurationPlatforms) = preSolution
		Debug|Any CPU = Debug|Any CPU
		Release|Any CPU = Release|Any CPU
	EndGlobalSection
	GlobalSection(ProjectConfigurationPlatforms) = postSolution
		{91EF862A-54FA-4B1C-97C0-929CA0CA261B}.Debug|Any CPU.ActiveCfg = Debug|Any CPU
		{91EF862A-54FA-4B1C-97C0-929CA0CA261B}.Debug|Any CPU.Build.0 = Debug|Any CPU
		{91EF862A-54FA-4B1C-97C0-929CA0CA261B}.Release|Any CPU.ActiveCfg = Release|Any CPU
		{91EF862A-54FA-4B1C-97C0-929CA0CA261B}.Release|Any CPU.Build.0 = Release|Any CPU
	EndGlobalSection
	GlobalSection(SolutionProperties) = preSolution
		HideSolutionNode = FALSE
	EndGlobalSection
EndGlobal
